// !$*UTF8*$!
{
	archiveVersion = 1;
	classes = {
	};
	objectVersion = 56;
	objects = {

/* Begin PBXBuildFile section */
		A10000000000000000000001 /* SolitaireRoyaleApp.swift in Sources */ = {isa = PBXBuildFile; fileRef = A20000000000000000000001 /* SolitaireRoyaleApp.swift */; };
		A10000000000000000000002 /* Card.swift in Sources */ = {isa = PBXBuildFile; fileRef = A20000000000000000000002 /* Card.swift */; };
		A10000000000000000000003 /* GameMode.swift in Sources */ = {isa = PBXBuildFile; fileRef = A20000000000000000000003 /* GameMode.swift */; };
		A10000000000000000000004 /* ShopItem.swift in Sources */ = {isa = PBXBuildFile; fileRef = A20000000000000000000004 /* ShopItem.swift */; };
		A10000000000000000000005 /* Deck.swift in Sources */ = {isa = PBXBuildFile; fileRef = A20000000000000000000005 /* Deck.swift */; };
		A10000000000000000000006 /* KlondikeEngine.swift in Sources */ = {isa = PBXBuildFile; fileRef = A20000000000000000000006 /* KlondikeEngine.swift */; };
		A10000000000000000000007 /* FreeCellEngine.swift in Sources */ = {isa = PBXBuildFile; fileRef = A20000000000000000000007 /* FreeCellEngine.swift */; };
		A10000000000000000000008 /* SpiderEngine.swift in Sources */ = {isa = PBXBuildFile; fileRef = A20000000000000000000008 /* SpiderEngine.swift */; };
		A10000000000000000000009 /* PyramidEngine.swift in Sources */ = {isa = PBXBuildFile; fileRef = A20000000000000000000009 /* PyramidEngine.swift */; };
		A1000000000000000000000A /* TriPeaksEngine.swift in Sources */ = {isa = PBXBuildFile; fileRef = A2000000000000000000000A /* TriPeaksEngine.swift */; };
		A1000000000000000000000B /* GolfEngine.swift in Sources */ = {isa = PBXBuildFile; fileRef = A2000000000000000000000B /* GolfEngine.swift */; };
		A1000000000000000000000C /* YukonEngine.swift in Sources */ = {isa = PBXBuildFile; fileRef = A2000000000000000000000C /* YukonEngine.swift */; };
		A1000000000000000000000D /* FortyThievesEngine.swift in Sources */ = {isa = PBXBuildFile; fileRef = A2000000000000000000000D /* FortyThievesEngine.swift */; };
		A1000000000000000000000E /* AudioManager.swift in Sources */ = {isa = PBXBuildFile; fileRef = A2000000000000000000000E /* AudioManager.swift */; };
		A1000000000000000000000F /* ProgressStore.swift in Sources */ = {isa = PBXBuildFile; fileRef = A2000000000000000000000F /* ProgressStore.swift */; };
		A10000000000000000000010 /* GameSessionViewModel.swift in Sources */ = {isa = PBXBuildFile; fileRef = A20000000000000000000010 /* GameSessionViewModel.swift */; };
		A10000000000000000000011 /* RootView.swift in Sources */ = {isa = PBXBuildFile; fileRef = A20000000000000000000011 /* RootView.swift */; };
		A10000000000000000000012 /* MenuViews.swift in Sources */ = {isa = PBXBuildFile; fileRef = A20000000000000000000012 /* MenuViews.swift */; };
		A10000000000000000000013 /* GameBoardView.swift in Sources */ = {isa = PBXBuildFile; fileRef = A20000000000000000000013 /* GameBoardView.swift */; };
		A10000000000000000000014 /* SharedViews.swift in Sources */ = {isa = PBXBuildFile; fileRef = A20000000000000000000014 /* SharedViews.swift */; };
		A10000000000000000000015 /* Assets.xcassets in Resources */ = {isa = PBXBuildFile; fileRef = A20000000000000000000015 /* Assets.xcassets */; };
		A10000000000000000000016 /* Resources in Resources */ = {isa = PBXBuildFile; fileRef = A20000000000000000000016 /* Resources */; };
		A10000000000000000000017 /* AppIdentity.swift in Sources */ = {isa = PBXBuildFile; fileRef = A20000000000000000000018 /* AppIdentity.swift */; };
		A10000000000000000000018 /* Achievement.swift in Sources */ = {isa = PBXBuildFile; fileRef = A20000000000000000000019 /* Achievement.swift */; };
		A10000000000000000000019 /* HapticsManager.swift in Sources */ = {isa = PBXBuildFile; fileRef = A2000000000000000000001A /* HapticsManager.swift */; };
		A1000000000000000000001A /* StatsSettingsViews.swift in Sources */ = {isa = PBXBuildFile; fileRef = A2000000000000000000001B /* StatsSettingsViews.swift */; };
		A1000000000000000000001B /* ConfettiView.swift in Sources */ = {isa = PBXBuildFile; fileRef = A2000000000000000000001C /* ConfettiView.swift */; };

/* Begin PBXFileReference section */
		A20000000000000000000001 /* SolitaireRoyaleApp.swift */ = {isa = PBXFileReference; lastKnownFileType = sourcecode.swift; path = SolitaireRoyaleApp.swift; sourceTree = "<group>"; };
		A20000000000000000000002 /* Card.swift */ = {isa = PBXFileReference; lastKnownFileType = sourcecode.swift; path = Card.swift; sourceTree = "<group>"; };
		A20000000000000000000003 /* GameMode.swift */ = {isa = PBXFileReference; lastKnownFileType = sourcecode.swift; path = GameMode.swift; sourceTree = "<group>"; };
		A20000000000000000000004 /* ShopItem.swift */ = {isa = PBXFileReference; lastKnownFileType = sourcecode.swift; path = ShopItem.swift; sourceTree = "<group>"; };
		A20000000000000000000005 /* Deck.swift */ = {isa = PBXFileReference; lastKnownFileType = sourcecode.swift; path = Deck.swift; sourceTree = "<group>"; };
		A20000000000000000000006 /* KlondikeEngine.swift */ = {isa = PBXFileReference; lastKnownFileType = sourcecode.swift; path = KlondikeEngine.swift; sourceTree = "<group>"; };
		A20000000000000000000007 /* FreeCellEngine.swift */ = {isa = PBXFileReference; lastKnownFileType = sourcecode.swift; path = FreeCellEngine.swift; sourceTree = "<group>"; };
		A20000000000000000000008 /* SpiderEngine.swift */ = {isa = PBXFileReference; lastKnownFileType = sourcecode.swift; path = SpiderEngine.swift; sourceTree = "<group>"; };
		A20000000000000000000009 /* PyramidEngine.swift */ = {isa = PBXFileReference; lastKnownFileType = sourcecode.swift; path = PyramidEngine.swift; sourceTree = "<group>"; };
		A2000000000000000000000A /* TriPeaksEngine.swift */ = {isa = PBXFileReference; lastKnownFileType = sourcecode.swift; path = TriPeaksEngine.swift; sourceTree = "<group>"; };
		A2000000000000000000000B /* GolfEngine.swift */ = {isa = PBXFileReference; lastKnownFileType = sourcecode.swift; path = GolfEngine.swift; sourceTree = "<group>"; };
		A2000000000000000000000C /* YukonEngine.swift */ = {isa = PBXFileReference; lastKnownFileType = sourcecode.swift; path = YukonEngine.swift; sourceTree = "<group>"; };
		A2000000000000000000000D /* FortyThievesEngine.swift */ = {isa = PBXFileReference; lastKnownFileType = sourcecode.swift; path = FortyThievesEngine.swift; sourceTree = "<group>"; };
		A2000000000000000000000E /* AudioManager.swift */ = {isa = PBXFileReference; lastKnownFileType = sourcecode.swift; path = AudioManager.swift; sourceTree = "<group>"; };
		A2000000000000000000000F /* ProgressStore.swift */ = {isa = PBXFileReference; lastKnownFileType = sourcecode.swift; path = ProgressStore.swift; sourceTree = "<group>"; };
		A20000000000000000000010 /* GameSessionViewModel.swift */ = {isa = PBXFileReference; lastKnownFileType = sourcecode.swift; path = GameSessionViewModel.swift; sourceTree = "<group>"; };
		A20000000000000000000011 /* RootView.swift */ = {isa = PBXFileReference; lastKnownFileType = sourcecode.swift; path = RootView.swift; sourceTree = "<group>"; };
		A20000000000000000000012 /* MenuViews.swift */ = {isa = PBXFileReference; lastKnownFileType = sourcecode.swift; path = MenuViews.swift; sourceTree = "<group>"; };
		A20000000000000000000013 /* GameBoardView.swift */ = {isa = PBXFileReference; lastKnownFileType = sourcecode.swift; path = GameBoardView.swift; sourceTree = "<group>"; };
		A20000000000000000000014 /* SharedViews.swift */ = {isa = PBXFileReference; lastKnownFileType = sourcecode.swift; path = SharedViews.swift; sourceTree = "<group>"; };
		A20000000000000000000015 /* Assets.xcassets */ = {isa = PBXFileReference; lastKnownFileType = folder.assetcatalog; path = Assets.xcassets; sourceTree = "<group>"; };
		A20000000000000000000016 /* Resources */ = {isa = PBXFileReference; lastKnownFileType = folder; path = Resources; sourceTree = "<group>"; };
		A20000000000000000000018 /* AppIdentity.swift */ = {isa = PBXFileReference; lastKnownFileType = sourcecode.swift; path = AppIdentity.swift; sourceTree = "<group>"; };
		A20000000000000000000019 /* Achievement.swift */ = {isa = PBXFileReference; lastKnownFileType = sourcecode.swift; path = Achievement.swift; sourceTree = "<group>"; };
		A2000000000000000000001A /* HapticsManager.swift */ = {isa = PBXFileReference; lastKnownFileType = sourcecode.swift; path = HapticsManager.swift; sourceTree = "<group>"; };
		A2000000000000000000001B /* StatsSettingsViews.swift */ = {isa = PBXFileReference; lastKnownFileType = sourcecode.swift; path = StatsSettingsViews.swift; sourceTree = "<group>"; };
		A2000000000000000000001C /* ConfettiView.swift */ = {isa = PBXFileReference; lastKnownFileType = sourcecode.swift; path = ConfettiView.swift; sourceTree = "<group>"; };
		A20000000000000000000017 /* Info.plist */ = {isa = PBXFileReference; lastKnownFileType = text.plist.xml; path = Info.plist; sourceTree = "<group>"; };
		A30000000000000000000001 /* SolitaireRoyale.app */ = {isa = PBXFileReference; explicitFileType = wrapper.application; includeInIndex = 0; path = SolitaireRoyale.app; sourceTree = BUILT_PRODUCTS_DIR; };
/* End PBXFileReference section */

/* Begin PBXFrameworksBuildPhase section */
		A40000000000000000000001 /* Frameworks */ = {
			isa = PBXFrameworksBuildPhase;
			buildActionMask = 2147483647;
			files = (
			);
			runOnlyForDeploymentPostprocessing = 0;
		};
/* End PBXFrameworksBuildPhase section */

/* Begin PBXGroup section */
		A50000000000000000000001 = {
			isa = PBXGroup;
			children = (
				A50000000000000000000002 /* SolitaireRoyale */,
				A50000000000000000000003 /* Products */,
			);
			sourceTree = "<group>";
		};
		A50000000000000000000002 /* SolitaireRoyale */ = {
			isa = PBXGroup;
			children = (
				A20000000000000000000001 /* SolitaireRoyaleApp.swift */,
				A20000000000000000000018 /* AppIdentity.swift */,
				A50000000000000000000004 /* Models */,
				A50000000000000000000005 /* Engine */,
				A50000000000000000000006 /* Services */,
				A50000000000000000000007 /* ViewModels */,
				A50000000000000000000008 /* Views */,
				A20000000000000000000015 /* Assets.xcassets */,
				A20000000000000000000016 /* Resources */,
				A20000000000000000000017 /* Info.plist */,
			);
			path = SolitaireRoyale;
			sourceTree = "<group>";
		};
		A50000000000000000000003 /* Products */ = {
			isa = PBXGroup;
			children = (
				A30000000000000000000001 /* SolitaireRoyale.app */,
			);
			name = Products;
			sourceTree = "<group>";
		};
		A50000000000000000000004 /* Models */ = {
			isa = PBXGroup;
			children = (
				A20000000000000000000002 /* Card.swift */,
				A20000000000000000000003 /* GameMode.swift */,
				A20000000000000000000004 /* ShopItem.swift */,
				A20000000000000000000019 /* Achievement.swift */,
			);
			path = Models;
			sourceTree = "<group>";
		};
		A50000000000000000000005 /* Engine */ = {
			isa = PBXGroup;
			children = (
				A20000000000000000000005 /* Deck.swift */,
				A20000000000000000000006 /* KlondikeEngine.swift */,
				A20000000000000000000007 /* FreeCellEngine.swift */,
				A20000000000000000000008 /* SpiderEngine.swift */,
				A20000000000000000000009 /* PyramidEngine.swift */,
				A2000000000000000000000A /* TriPeaksEngine.swift */,
				A2000000000000000000000B /* GolfEngine.swift */,
				A2000000000000000000000C /* YukonEngine.swift */,
				A2000000000000000000000D /* FortyThievesEngine.swift */,
			);
			path = Engine;
			sourceTree = "<group>";
		};
		A50000000000000000000006 /* Services */ = {
			isa = PBXGroup;
			children = (
				A2000000000000000000000E /* AudioManager.swift */,
				A2000000000000000000000F /* ProgressStore.swift */,
				A2000000000000000000001A /* HapticsManager.swift */,
			);
			path = Services;
			sourceTree = "<group>";
		};
		A50000000000000000000007 /* ViewModels */ = {
			isa = PBXGroup;
			children = (
				A20000000000000000000010 /* GameSessionViewModel.swift */,
			);
			path = ViewModels;
			sourceTree = "<group>";
		};
		A50000000000000000000008 /* Views */ = {
			isa = PBXGroup;
			children = (
				A20000000000000000000011 /* RootView.swift */,
				A20000000000000000000012 /* MenuViews.swift */,
				A20000000000000000000013 /* GameBoardView.swift */,
				A2000000000000000000001B /* StatsSettingsViews.swift */,
				A50000000000000000000009 /* Components */,
			);
			path = Views;
			sourceTree = "<group>";
		};
		A50000000000000000000009 /* Components */ = {
			isa = PBXGroup;
			children = (
				A20000000000000000000014 /* SharedViews.swift */,
				A2000000000000000000001C /* ConfettiView.swift */,
			);
			path = Components;
			sourceTree = "<group>";
		};
/* End PBXGroup section */

/* Begin PBXNativeTarget section */
		A60000000000000000000001 /* SolitaireRoyale */ = {
			isa = PBXNativeTarget;
			buildConfigurationList = A80000000000000000000003 /* Build configuration list for PBXNativeTarget "SolitaireRoyale" */;
			buildPhases = (
				A70000000000000000000001 /* Sources */,
				A40000000000000000000001 /* Frameworks */,
				A70000000000000000000002 /* Resources */,
			);
			buildRules = (
			);
			dependencies = (
			);
			name = SolitaireRoyale;
			productName = SolitaireRoyale;
			productReference = A30000000000000000000001 /* SolitaireRoyale.app */;
			productType = "com.apple.product-type.application";
		};
/* End PBXNativeTarget section */

/* Begin PBXProject section */
		A90000000000000000000001 /* Project object */ = {
			isa = PBXProject;
			attributes = {
				BuildIndependentTargetsInParallel = 1;
				LastSwiftUpdateCheck = 1500;
				LastUpgradeCheck = 1500;
				TargetAttributes = {
					A60000000000000000000001 = {
						CreatedOnToolsVersion = 15.0;
					};
				};
			};
			buildConfigurationList = A80000000000000000000001 /* Build configuration list for PBXProject "SolitaireRoyale" */;
			compatibilityVersion = "Xcode 14.0";
			developmentRegion = es;
			hasScannedForEncodings = 0;
			knownRegions = (
				es,
				Base,
			);
			mainGroup = A50000000000000000000001;
			productRefGroup = A50000000000000000000003 /* Products */;
			projectDirPath = "";
			projectRoot = "";
			targets = (
				A60000000000000000000001 /* SolitaireRoyale */,
			);
		};
/* End PBXProject section */

/* Begin PBXResourcesBuildPhase section */
		A70000000000000000000002 /* Resources */ = {
			isa = PBXResourcesBuildPhase;
			buildActionMask = 2147483647;
			files = (
				A10000000000000000000015 /* Assets.xcassets in Resources */,
				A10000000000000000000016 /* Resources in Resources */,
			);
			runOnlyForDeploymentPostprocessing = 0;
		};
/* End PBXResourcesBuildPhase section */

/* Begin PBXSourcesBuildPhase section */
		A70000000000000000000001 /* Sources */ = {
			isa = PBXSourcesBuildPhase;
			buildActionMask = 2147483647;
			files = (
				A10000000000000000000001 /* SolitaireRoyaleApp.swift in Sources */,
				A10000000000000000000002 /* Card.swift in Sources */,
				A10000000000000000000003 /* GameMode.swift in Sources */,
				A10000000000000000000004 /* ShopItem.swift in Sources */,
				A10000000000000000000005 /* Deck.swift in Sources */,
				A10000000000000000000006 /* KlondikeEngine.swift in Sources */,
				A10000000000000000000007 /* FreeCellEngine.swift in Sources */,
				A10000000000000000000008 /* SpiderEngine.swift in Sources */,
				A10000000000000000000009 /* PyramidEngine.swift in Sources */,
				A1000000000000000000000A /* TriPeaksEngine.swift in Sources */,
				A1000000000000000000000B /* GolfEngine.swift in Sources */,
				A1000000000000000000000C /* YukonEngine.swift in Sources */,
				A1000000000000000000000D /* FortyThievesEngine.swift in Sources */,
				A1000000000000000000000E /* AudioManager.swift in Sources */,
				A1000000000000000000000F /* ProgressStore.swift in Sources */,
				A10000000000000000000010 /* GameSessionViewModel.swift in Sources */,
				A10000000000000000000011 /* RootView.swift in Sources */,
				A10000000000000000000012 /* MenuViews.swift in Sources */,
				A10000000000000000000013 /* GameBoardView.swift in Sources */,
				A10000000000000000000014 /* SharedViews.swift in Sources */,
				A10000000000000000000017 /* AppIdentity.swift in Sources */,
				A10000000000000000000018 /* Achievement.swift in Sources */,
				A10000000000000000000019 /* HapticsManager.swift in Sources */,
				A1000000000000000000001A /* StatsSettingsViews.swift in Sources */,
				A1000000000000000000001B /* ConfettiView.swift in Sources */,
			);
			runOnlyForDeploymentPostprocessing = 0;
		};
/* End PBXSourcesBuildPhase section */

/* Begin XCBuildConfiguration section */
		AB0000000000000000000001 /* Debug */ = {
			isa = XCBuildConfiguration;
			buildSettings = {
				ALWAYS_SEARCH_USER_PATHS = NO;
				CLANG_ENABLE_MODULES = YES;
				CURRENT_PROJECT_VERSION = 1;
				IPHONEOS_DEPLOYMENT_TARGET = 16.0;
				MARKETING_VERSION = 1.0;
				SDKROOT = iphoneos;
				SWIFT_VERSION = 5.0;
			};
			name = Debug;
		};
		AB0000000000000000000002 /* Release */ = {
			isa = XCBuildConfiguration;
			buildSettings = {
				ALWAYS_SEARCH_USER_PATHS = NO;
				CLANG_ENABLE_MODULES = YES;
				CURRENT_PROJECT_VERSION = 1;
				IPHONEOS_DEPLOYMENT_TARGET = 16.0;
				MARKETING_VERSION = 1.0;
				SDKROOT = iphoneos;
				SWIFT_VERSION = 5.0;
			};
			name = Release;
		};
		AB0000000000000000000003 /* Debug */ = {
			isa = XCBuildConfiguration;
			buildSettings = {
				ASSETCATALOG_COMPILER_APPICON_NAME = AppIcon;
				CODE_SIGN_STYLE = Automatic;
				CURRENT_PROJECT_VERSION = 1;
        DEVELOPMENT_TEAM = T8GC6LS6RS;
				GENERATE_INFOPLIST_FILE = NO;
				INFOPLIST_FILE = SolitaireRoyale/Info.plist;
				INFOPLIST_KEY_UIRequiresFullScreen = YES;
				INFOPLIST_KEY_UISupportedInterfaceOrientations = UIInterfaceOrientationPortrait;
				INFOPLIST_KEY_UISupportedInterfaceOrientations_iPad = UIInterfaceOrientationPortrait;
				LD_RUNPATH_SEARCH_PATHS = (
					"$(inherited)",
					"@executable_path/Frameworks",
				);
				MARKETING_VERSION = 1.0;
				PRODUCT_BUNDLE_IDENTIFIER = com.patienceascent.app;
				PRODUCT_NAME = "$(TARGET_NAME)";
				SUPPORTED_PLATFORMS = "iphoneos iphonesimulator";
				SUPPORTS_MACCATALYST = NO;
				SWIFT_EMIT_LOC_STRINGS = YES;
				TARGETED_DEVICE_FAMILY = "1,2";
			};
			name = Debug;
		};
		AB0000000000000000000004 /* Release */ = {
			isa = XCBuildConfiguration;
			buildSettings = {
				ASSETCATALOG_COMPILER_APPICON_NAME = AppIcon;
				CODE_SIGN_STYLE = Automatic;
				CURRENT_PROJECT_VERSION = 1;
        DEVELOPMENT_TEAM = T8GC6LS6RS;
				GENERATE_INFOPLIST_FILE = NO;
				INFOPLIST_FILE = SolitaireRoyale/Info.plist;
				INFOPLIST_KEY_UIRequiresFullScreen = YES;
				INFOPLIST_KEY_UISupportedInterfaceOrientations = UIInterfaceOrientationPortrait;
				INFOPLIST_KEY_UISupportedInterfaceOrientations_iPad = UIInterfaceOrientationPortrait;
				LD_RUNPATH_SEARCH_PATHS = (
					"$(inherited)",
					"@executable_path/Frameworks",
				);
				MARKETING_VERSION = 1.0;
				PRODUCT_BUNDLE_IDENTIFIER = com.patienceascent.app;
				PRODUCT_NAME = "$(TARGET_NAME)";
				SUPPORTED_PLATFORMS = "iphoneos iphonesimulator";
				SUPPORTS_MACCATALYST = NO;
				SWIFT_EMIT_LOC_STRINGS = YES;
				TARGETED_DEVICE_FAMILY = "1,2";
			};
			name = Release;
		};
/* End XCBuildConfiguration section */

/* Begin XCConfigurationList section */
		A80000000000000000000001 /* Build configuration list for PBXProject "SolitaireRoyale" */ = {
			isa = XCConfigurationList;
			buildConfigurations = (
				AB0000000000000000000001 /* Debug */,
				AB0000000000000000000002 /* Release */,
			);
			defaultConfigurationIsVisible = 0;
			defaultConfigurationName = Release;
		};
		A80000000000000000000003 /* Build configuration list for PBXNativeTarget "SolitaireRoyale" */ = {
			isa = XCConfigurationList;
			buildConfigurations = (
				AB0000000000000000000003 /* Debug */,
				AB0000000000000000000004 /* Release */,
			);
			defaultConfigurationIsVisible = 0;
			defaultConfigurationName = Release;
		};
/* End XCConfigurationList section */
	};
	rootObject = A90000000000000000000001 /* Project object */;
}
