// !$*UTF8*$!
{
	archiveVersion = 1;
	classes = {
	};
	objectVersion = 56;
	objects = {

/* Begin PBXBuildFile section */
		A10000000000000000000001 /* SolitaireRoyaleApp.swift in Sources */ = {isa = PBXBuildFile; fileRef = A20000000000000000000001 /* SolitaireRoyaleApp.swift */; };
		A10000000000000000000003 /* GameMode.swift in Sources */ = {isa = PBXBuildFile; fileRef = A20000000000000000000003 /* GameMode.swift */; };
		A1000000000000000000000E /* AudioManager.swift in Sources */ = {isa = PBXBuildFile; fileRef = A2000000000000000000000E /* AudioManager.swift */; };
		A1000000000000000000000F /* ProgressStore.swift in Sources */ = {isa = PBXBuildFile; fileRef = A2000000000000000000000F /* ProgressStore.swift */; };
		A10000000000000000000011 /* RootView.swift in Sources */ = {isa = PBXBuildFile; fileRef = A20000000000000000000011 /* RootView.swift */; };
		A10000000000000000000012 /* MenuViews.swift in Sources */ = {isa = PBXBuildFile; fileRef = A20000000000000000000012 /* MenuViews.swift */; };
		A10000000000000000000014 /* SharedViews.swift in Sources */ = {isa = PBXBuildFile; fileRef = A20000000000000000000014 /* SharedViews.swift */; };
		A10000000000000000000015 /* Assets.xcassets in Resources */ = {isa = PBXBuildFile; fileRef = A20000000000000000000015 /* Assets.xcassets */; };
		A10000000000000000000016 /* GameAssets in Resources */ = {isa = PBXBuildFile; fileRef = A20000000000000000000016 /* GameAssets */; };
		A10000000000000000000017 /* AppIdentity.swift in Sources */ = {isa = PBXBuildFile; fileRef = A20000000000000000000018 /* AppIdentity.swift */; };
		A10000000000000000000019 /* HapticsManager.swift in Sources */ = {isa = PBXBuildFile; fileRef = A2000000000000000000001A /* HapticsManager.swift */; };
		A1000000000000000000001C /* ConfettiView.swift in Sources */ = {isa = PBXBuildFile; fileRef = A2000000000000000000001C /* ConfettiView.swift */; };
		A1000000000000000000001D /* Theme.swift in Sources */ = {isa = PBXBuildFile; fileRef = A2000000000000000000001D /* Theme.swift */; };
		A1000000000000000000001E /* PrivacyInfo.xcprivacy in Resources */ = {isa = PBXBuildFile; fileRef = A2000000000000000000001E /* PrivacyInfo.xcprivacy */; };
		A1000000000000000000001F /* QuickHelpViews.swift in Sources */ = {isa = PBXBuildFile; fileRef = A2000000000000000000001F /* QuickHelpViews.swift */; };
		A10000000000000000000022 /* DeviceLayout.swift in Sources */ = {isa = PBXBuildFile; fileRef = A20000000000000000000022 /* DeviceLayout.swift */; };
		A10000000000000000000023 /* GameCenterManager.swift in Sources */ = {isa = PBXBuildFile; fileRef = A20000000000000000000023 /* GameCenterManager.swift */; };
		A1000000000000000000002A /* Localization.swift in Sources */ = {isa = PBXBuildFile; fileRef = A2000000000000000000002A /* Localization.swift */; };
		A1000000000000000000002B /* strings.json in Resources */ = {isa = PBXBuildFile; fileRef = A2000000000000000000002B /* strings.json */; };
		A1000000000000000000002E /* GameTypes.swift in Sources */ = {isa = PBXBuildFile; fileRef = A2000000000000000000002E /* GameTypes.swift */; };
		A1000000000000000000002F /* GravityBlockEngine.swift in Sources */ = {isa = PBXBuildFile; fileRef = A2000000000000000000002F /* GravityBlockEngine.swift */; };
		A10000000000000000000030 /* GravityBlockViewModel.swift in Sources */ = {isa = PBXBuildFile; fileRef = A20000000000000000000030 /* GravityBlockViewModel.swift */; };
		A10000000000000000000031 /* GravityBlockGameView.swift in Sources */ = {isa = PBXBuildFile; fileRef = A20000000000000000000031 /* GravityBlockGameView.swift */; };
		A10000000000000000000032 /* AscentLeaderboardView.swift in Sources */ = {isa = PBXBuildFile; fileRef = A20000000000000000000032 /* AscentLeaderboardView.swift */; };
		B10000000000000000000002 /* GameKit.framework in Frameworks */ = {isa = PBXBuildFile; fileRef = B20000000000000000000001 /* GameKit.framework */; };

/* Begin PBXFileReference section */
		A20000000000000000000001 /* SolitaireRoyaleApp.swift */ = {isa = PBXFileReference; lastKnownFileType = sourcecode.swift; path = SolitaireRoyaleApp.swift; sourceTree = "<group>"; };
		A20000000000000000000003 /* GameMode.swift */ = {isa = PBXFileReference; lastKnownFileType = sourcecode.swift; path = GameMode.swift; sourceTree = "<group>"; };
		A2000000000000000000000E /* AudioManager.swift */ = {isa = PBXFileReference; lastKnownFileType = sourcecode.swift; path = AudioManager.swift; sourceTree = "<group>"; };
		A2000000000000000000000F /* ProgressStore.swift */ = {isa = PBXFileReference; lastKnownFileType = sourcecode.swift; path = ProgressStore.swift; sourceTree = "<group>"; };
		A20000000000000000000011 /* RootView.swift */ = {isa = PBXFileReference; lastKnownFileType = sourcecode.swift; path = RootView.swift; sourceTree = "<group>"; };
		A20000000000000000000012 /* MenuViews.swift */ = {isa = PBXFileReference; lastKnownFileType = sourcecode.swift; path = MenuViews.swift; sourceTree = "<group>"; };
		A20000000000000000000014 /* SharedViews.swift */ = {isa = PBXFileReference; lastKnownFileType = sourcecode.swift; path = SharedViews.swift; sourceTree = "<group>"; };
		A20000000000000000000015 /* Assets.xcassets */ = {isa = PBXFileReference; lastKnownFileType = folder.assetcatalog; path = Assets.xcassets; sourceTree = "<group>"; };
		A20000000000000000000016 /* GameAssets */ = {isa = PBXFileReference; lastKnownFileType = folder; path = GameAssets; sourceTree = "<group>"; };
		A20000000000000000000018 /* AppIdentity.swift */ = {isa = PBXFileReference; lastKnownFileType = sourcecode.swift; path = AppIdentity.swift; sourceTree = "<group>"; };
		A2000000000000000000001A /* HapticsManager.swift */ = {isa = PBXFileReference; lastKnownFileType = sourcecode.swift; path = HapticsManager.swift; sourceTree = "<group>"; };
		A2000000000000000000001C /* ConfettiView.swift */ = {isa = PBXFileReference; lastKnownFileType = sourcecode.swift; path = ConfettiView.swift; sourceTree = "<group>"; };
		A2000000000000000000001D /* Theme.swift */ = {isa = PBXFileReference; lastKnownFileType = sourcecode.swift; path = Theme.swift; sourceTree = "<group>"; };
		A2000000000000000000001E /* PrivacyInfo.xcprivacy */ = {isa = PBXFileReference; lastKnownFileType = text.xml; path = PrivacyInfo.xcprivacy; sourceTree = "<group>"; };
		A2000000000000000000001F /* QuickHelpViews.swift */ = {isa = PBXFileReference; lastKnownFileType = sourcecode.swift; path = QuickHelpViews.swift; sourceTree = "<group>"; };
		A20000000000000000000022 /* DeviceLayout.swift */ = {isa = PBXFileReference; lastKnownFileType = sourcecode.swift; path = DeviceLayout.swift; sourceTree = "<group>"; };
		A20000000000000000000023 /* GameCenterManager.swift */ = {isa = PBXFileReference; lastKnownFileType = sourcecode.swift; path = GameCenterManager.swift; sourceTree = "<group>"; };
		A20000000000000000000024 /* SolitaireRoyale.entitlements */ = {isa = PBXFileReference; lastKnownFileType = text.plist.entitlements; path = SolitaireRoyale.entitlements; sourceTree = "<group>"; };
		A2000000000000000000002A /* Localization.swift */ = {isa = PBXFileReference; lastKnownFileType = sourcecode.swift; path = Localization.swift; sourceTree = "<group>"; };
		A2000000000000000000002B /* strings.json */ = {isa = PBXFileReference; lastKnownFileType = text.json; path = strings.json; sourceTree = "<group>"; };
		A2000000000000000000002E /* GameTypes.swift */ = {isa = PBXFileReference; lastKnownFileType = sourcecode.swift; path = GameTypes.swift; sourceTree = "<group>"; };
		A2000000000000000000002F /* GravityBlockEngine.swift */ = {isa = PBXFileReference; lastKnownFileType = sourcecode.swift; path = GravityBlockEngine.swift; sourceTree = "<group>"; };
		A20000000000000000000030 /* GravityBlockViewModel.swift */ = {isa = PBXFileReference; lastKnownFileType = sourcecode.swift; path = GravityBlockViewModel.swift; sourceTree = "<group>"; };
		A20000000000000000000031 /* GravityBlockGameView.swift */ = {isa = PBXFileReference; lastKnownFileType = sourcecode.swift; path = GravityBlockGameView.swift; sourceTree = "<group>"; };
		A20000000000000000000032 /* AscentLeaderboardView.swift */ = {isa = PBXFileReference; lastKnownFileType = sourcecode.swift; path = AscentLeaderboardView.swift; sourceTree = "<group>"; };
		B20000000000000000000001 /* GameKit.framework */ = {isa = PBXFileReference; lastKnownFileType = wrapper.framework; name = GameKit.framework; path = System/Library/Frameworks/GameKit.framework; sourceTree = SDKROOT; };
		A20000000000000000000017 /* Info.plist */ = {isa = PBXFileReference; lastKnownFileType = text.plist.xml; path = Info.plist; sourceTree = "<group>"; };
		A30000000000000000000001 /* SolitaireRoyale.app */ = {isa = PBXFileReference; explicitFileType = wrapper.application; includeInIndex = 0; path = SolitaireRoyale.app; sourceTree = BUILT_PRODUCTS_DIR; };
/* End PBXFileReference section */

/* Begin PBXFrameworksBuildPhase section */
		A40000000000000000000001 /* Frameworks */ = {
			isa = PBXFrameworksBuildPhase;
			buildActionMask = 2147483647;
			files = (
				B10000000000000000000002 /* GameKit.framework in Frameworks */,
			);
			runOnlyForDeploymentPostprocessing = 0;
		};
/* End PBXFrameworksBuildPhase section */

/* Begin PBXGroup section */
		A50000000000000000000001 = {
			isa = PBXGroup;
			children = (
				A50000000000000000000002 /* SolitaireRoyale */,
				A50000000000000000000003 /* Products */,
			);
			sourceTree = "<group>";
		};
		A50000000000000000000002 /* SolitaireRoyale */ = {
			isa = PBXGroup;
			children = (
				A20000000000000000000001 /* SolitaireRoyaleApp.swift */,
				A20000000000000000000018 /* AppIdentity.swift */,
				A2000000000000000000001D /* Theme.swift */,
				A20000000000000000000022 /* DeviceLayout.swift */,
				A50000000000000000000004 /* Models */,
				A50000000000000000000005 /* Engine */,
				A50000000000000000000006 /* Services */,
				A50000000000000000000007 /* ViewModels */,
				A50000000000000000000008 /* Views */,
				A20000000000000000000015 /* Assets.xcassets */,
				A20000000000000000000016 /* GameAssets */,
				A20000000000000000000017 /* Info.plist */,
				A20000000000000000000024 /* SolitaireRoyale.entitlements */,
				A2000000000000000000001E /* PrivacyInfo.xcprivacy */,
				A5000000000000000000000A /* Resources */,
			);
			path = SolitaireRoyale;
			sourceTree = "<group>";
		};
		A50000000000000000000003 /* Products */ = {
			isa = PBXGroup;
			children = (
				A30000000000000000000001 /* SolitaireRoyale.app */,
			);
			name = Products;
			sourceTree = "<group>";
		};
		A50000000000000000000004 /* Models */ = {
			isa = PBXGroup;
			children = (
				A20000000000000000000003 /* GameMode.swift */,
				A2000000000000000000002E /* GameTypes.swift */,
			);
			path = Models;
			sourceTree = "<group>";
		};
		A50000000000000000000005 /* Engine */ = {
			isa = PBXGroup;
			children = (
				A2000000000000000000002F /* GravityBlockEngine.swift */,
			);
			path = Engine;
			sourceTree = "<group>";
		};
		A50000000000000000000006 /* Services */ = {
			isa = PBXGroup;
			children = (
				A2000000000000000000000E /* AudioManager.swift */,
				A2000000000000000000000F /* ProgressStore.swift */,
				A2000000000000000000001A /* HapticsManager.swift */,
				A20000000000000000000023 /* GameCenterManager.swift */,
				A2000000000000000000002A /* Localization.swift */,
			);
			path = Services;
			sourceTree = "<group>";
		};
		A50000000000000000000007 /* ViewModels */ = {
			isa = PBXGroup;
			children = (
				A20000000000000000000030 /* GravityBlockViewModel.swift */,
			);
			path = ViewModels;
			sourceTree = "<group>";
		};
		A50000000000000000000008 /* Views */ = {
			isa = PBXGroup;
			children = (
				A20000000000000000000011 /* RootView.swift */,
				A20000000000000000000012 /* MenuViews.swift */,
				A20000000000000000000031 /* GravityBlockGameView.swift */,
				A50000000000000000000009 /* Components */,
			);
			path = Views;
			sourceTree = "<group>";
		};
		A50000000000000000000009 /* Components */ = {
			isa = PBXGroup;
			children = (
				A20000000000000000000014 /* SharedViews.swift */,
				A2000000000000000000001C /* ConfettiView.swift */,
				A2000000000000000000001F /* QuickHelpViews.swift */,
				A20000000000000000000032 /* AscentLeaderboardView.swift */,
			);
			path = Components;
			sourceTree = "<group>";
		};
		A5000000000000000000000A /* Resources */ = {
			isa = PBXGroup;
			children = (
				A2000000000000000000002B /* strings.json */,
			);
			path = Resources;
			sourceTree = "<group>";
		};
/* End PBXGroup section */

/* Begin PBXShellScriptBuildPhase section */
		B70000000000000000000001 /* Fix bundle permissions */ = {
			isa = PBXShellScriptBuildPhase;
			buildActionMask = 2147483647;
			files = (
			);
			inputPaths = (
			);
			name = "Fix bundle permissions";
			outputPaths = (
			);
			runOnlyForDeploymentPostprocessing = 0;
			shellPath = /bin/sh;
			shellScript = "APP=\"${TARGET_BUILD_DIR}/${WRAPPER_NAME}\"\nif [ -d \"$APP\" ]; then\n  find \"$APP\" -type f \\( -name '*.png' -o -name '*.ogg' -o -name '*.wav' \\) -exec chmod 644 {} \\;\n  find \"$APP\" -type f -name '*.mobileprovision' ! -path \"$APP/embedded.mobileprovision\" -delete\nfi\n";
			alwaysOutOfDate = 1;
		};
/* End PBXShellScriptBuildPhase section */

/* Begin PBXNativeTarget section */
		A60000000000000000000001 /* SolitaireRoyale */ = {
			isa = PBXNativeTarget;
			buildConfigurationList = A80000000000000000000003 /* Build configuration list for PBXNativeTarget "SolitaireRoyale" */;
			buildPhases = (
				A70000000000000000000001 /* Sources */,
				A40000000000000000000001 /* Frameworks */,
				A70000000000000000000002 /* Resources */,
				B70000000000000000000001 /* Fix bundle permissions */,
			);
			buildRules = (
			);
			dependencies = (
			);
			name = SolitaireRoyale;
			productName = SolitaireRoyale;
			productReference = A30000000000000000000001 /* SolitaireRoyale.app */;
			productType = "com.apple.product-type.application";
		};
/* End PBXNativeTarget section */

/* Begin PBXProject section */
		A90000000000000000000001 /* Project object */ = {
			isa = PBXProject;
			attributes = {
				BuildIndependentTargetsInParallel = 1;
				LastSwiftUpdateCheck = 1500;
				LastUpgradeCheck = 1500;
				TargetAttributes = {
					A60000000000000000000001 = {
						CreatedOnToolsVersion = 15.0;
					};
				};
			};
			buildConfigurationList = A80000000000000000000001 /* Build configuration list for PBXProject "SolitaireRoyale" */;
			compatibilityVersion = "Xcode 14.0";
			developmentRegion = es;
			hasScannedForEncodings = 0;
			knownRegions = (
				es,
				Base,
			);
			mainGroup = A50000000000000000000001;
			productRefGroup = A50000000000000000000003 /* Products */;
			projectDirPath = "";
			projectRoot = "";
			targets = (
				A60000000000000000000001 /* SolitaireRoyale */,
			);
		};
/* End PBXProject section */

/* Begin PBXResourcesBuildPhase section */
		A70000000000000000000002 /* Resources */ = {
			isa = PBXResourcesBuildPhase;
			buildActionMask = 2147483647;
			files = (
				A10000000000000000000015 /* Assets.xcassets in Resources */,
				A10000000000000000000016 /* GameAssets in Resources */,
				A1000000000000000000001E /* PrivacyInfo.xcprivacy in Resources */,
				A1000000000000000000002B /* strings.json in Resources */,
			);
			runOnlyForDeploymentPostprocessing = 0;
		};
/* End PBXResourcesBuildPhase section */

/* Begin PBXSourcesBuildPhase section */
		A70000000000000000000001 /* Sources */ = {
			isa = PBXSourcesBuildPhase;
			buildActionMask = 2147483647;
			files = (
				A10000000000000000000001 /* SolitaireRoyaleApp.swift in Sources */,
				A10000000000000000000003 /* GameMode.swift in Sources */,
				A1000000000000000000000E /* AudioManager.swift in Sources */,
				A1000000000000000000000F /* ProgressStore.swift in Sources */,
				A10000000000000000000011 /* RootView.swift in Sources */,
				A10000000000000000000012 /* MenuViews.swift in Sources */,
				A10000000000000000000014 /* SharedViews.swift in Sources */,
				A10000000000000000000017 /* AppIdentity.swift in Sources */,
				A10000000000000000000019 /* HapticsManager.swift in Sources */,
				A1000000000000000000001C /* ConfettiView.swift in Sources */,
				A1000000000000000000001D /* Theme.swift in Sources */,
				A1000000000000000000001F /* QuickHelpViews.swift in Sources */,
				A10000000000000000000022 /* DeviceLayout.swift in Sources */,
				A10000000000000000000023 /* GameCenterManager.swift in Sources */,
				A1000000000000000000002A /* Localization.swift in Sources */,
				A1000000000000000000002E /* GameTypes.swift in Sources */,
				A1000000000000000000002F /* GravityBlockEngine.swift in Sources */,
				A10000000000000000000030 /* GravityBlockViewModel.swift in Sources */,
				A10000000000000000000031 /* GravityBlockGameView.swift in Sources */,
				A10000000000000000000032 /* AscentLeaderboardView.swift in Sources */,
			);
			runOnlyForDeploymentPostprocessing = 0;
		};
/* End PBXSourcesBuildPhase section */

/* Begin XCBuildConfiguration section */
		AB0000000000000000000001 /* Debug */ = {
			isa = XCBuildConfiguration;
			buildSettings = {
				ALWAYS_SEARCH_USER_PATHS = NO;
				CLANG_ENABLE_MODULES = YES;
				CURRENT_PROJECT_VERSION = 24;
				IPHONEOS_DEPLOYMENT_TARGET = 16.0;
				MARKETING_VERSION = 1.0;
				SDKROOT = iphoneos;
				SWIFT_VERSION = 5.0;
			};
			name = Debug;
		};
		AB0000000000000000000002 /* Release */ = {
			isa = XCBuildConfiguration;
			buildSettings = {
				ALWAYS_SEARCH_USER_PATHS = NO;
				CLANG_ENABLE_MODULES = YES;
				CURRENT_PROJECT_VERSION = 24;
				ENABLE_USER_SCRIPT_SANDBOXING = NO;
				IPHONEOS_DEPLOYMENT_TARGET = 16.0;
				MARKETING_VERSION = 1.0;
				SDKROOT = iphoneos;
				SWIFT_VERSION = 5.0;
			};
			name = Release;
		};
		AB0000000000000000000003 /* Debug */ = {
			isa = XCBuildConfiguration;
			buildSettings = {
				ASSETCATALOG_COMPILER_APPICON_NAME = AppIcon;
				CODE_SIGN_STYLE = Automatic;
				CODE_SIGN_ENTITLEMENTS = SolitaireRoyale/SolitaireRoyale.entitlements;
				CURRENT_PROJECT_VERSION = 24;
        DEVELOPMENT_TEAM = T8GC6LS6RS;
				GENERATE_INFOPLIST_FILE = NO;
				INFOPLIST_FILE = SolitaireRoyale/Info.plist;
				INFOPLIST_KEY_UIRequiresFullScreen = YES;
				INFOPLIST_KEY_UISupportedInterfaceOrientations = UIInterfaceOrientationPortrait;
				INFOPLIST_KEY_UISupportedInterfaceOrientations_iPad = UIInterfaceOrientationPortrait;
				LD_RUNPATH_SEARCH_PATHS = (
					"$(inherited)",
					"@executable_path/Frameworks",
				);
				MARKETING_VERSION = 1.0;
				PRODUCT_BUNDLE_IDENTIFIER = com.patienceascent.app;
				PRODUCT_NAME = "$(TARGET_NAME)";
				SUPPORTED_PLATFORMS = "iphoneos iphonesimulator";
				SUPPORTS_MACCATALYST = NO;
				SWIFT_EMIT_LOC_STRINGS = YES;
				TARGETED_DEVICE_FAMILY = "1,2";
			};
			name = Debug;
		};
		AB0000000000000000000004 /* Release */ = {
			isa = XCBuildConfiguration;
			buildSettings = {
				ASSETCATALOG_COMPILER_APPICON_NAME = AppIcon;
				CODE_SIGN_IDENTITY = "Apple Distribution";
				CODE_SIGN_STYLE = Manual;
				CODE_SIGN_ENTITLEMENTS = SolitaireRoyale/SolitaireRoyale.entitlements;
				CURRENT_PROJECT_VERSION = 24;
				DEVELOPMENT_TEAM = T8GC6LS6RS;
				GENERATE_INFOPLIST_FILE = NO;
				INFOPLIST_FILE = SolitaireRoyale/Info.plist;
				INFOPLIST_KEY_UIRequiresFullScreen = YES;
				INFOPLIST_KEY_UISupportedInterfaceOrientations = UIInterfaceOrientationPortrait;
				INFOPLIST_KEY_UISupportedInterfaceOrientations_iPad = UIInterfaceOrientationPortrait;
				LD_RUNPATH_SEARCH_PATHS = (
					"$(inherited)",
					"@executable_path/Frameworks",
				);
				MARKETING_VERSION = 1.0;
				PRODUCT_BUNDLE_IDENTIFIER = com.patienceascent.app;
				PRODUCT_NAME = "$(TARGET_NAME)";
				PROVISIONING_PROFILE_SPECIFIER = "";
				SUPPORTED_PLATFORMS = iphoneos;
				SUPPORTS_MACCATALYST = NO;
				SWIFT_EMIT_LOC_STRINGS = YES;
				TARGETED_DEVICE_FAMILY = "1,2";
			};
			name = Release;
		};
/* End XCBuildConfiguration section */

/* Begin XCConfigurationList section */
		A80000000000000000000001 /* Build configuration list for PBXProject "SolitaireRoyale" */ = {
			isa = XCConfigurationList;
			buildConfigurations = (
				AB0000000000000000000001 /* Debug */,
				AB0000000000000000000002 /* Release */,
			);
			defaultConfigurationIsVisible = 0;
			defaultConfigurationName = Release;
		};
		A80000000000000000000003 /* Build configuration list for PBXNativeTarget "SolitaireRoyale" */ = {
			isa = XCConfigurationList;
			buildConfigurations = (
				AB0000000000000000000003 /* Debug */,
				AB0000000000000000000004 /* Release */,
			);
			defaultConfigurationIsVisible = 0;
			defaultConfigurationName = Release;
		};
/* End XCConfigurationList section */
	};
	rootObject = A90000000000000000000001 /* Project object */;
}
